
Microsoft Visual Studio Solution File, Format Version 12.00
# Visual Studio 15
VisualStudioVersion = 15.0.28307.329
MinimumVisualStudioVersion = 10.0.40219.1
Project("{9A19103F-16F7-4668-BE54-9A1E7A4F7556}") = "NPVWeb", "NPVWeb.csproj", "{0F72CC30-E4E4-4737-A10B-9359EDEC800A}"
EndProject
Global
	GlobalSection(SolutionConfigurationPlatforms) = preSolution
		Debug|Any CPU = Debug|Any CPU
		Release|Any CPU = Release|Any CPU
	EndGlobalSection
	GlobalSection(ProjectConfigurationPlatforms) = postSolution
		{0F72CC30-E4E4-4737-A10B-9359EDEC800A}.Debug|Any CPU.ActiveCfg = Debug|Any CPU
		{0F72CC30-E4E4-4737-A10B-9359EDEC800A}.Debug|Any CPU.Build.0 = Debug|Any CPU
		{0F72CC30-E4E4-4737-A10B-9359EDEC800A}.Release|Any CPU.ActiveCfg = Release|Any CPU
		{0F72CC30-E4E4-4737-A10B-9359EDEC800A}.Release|Any CPU.Build.0 = Release|Any CPU
	EndGlobalSection
	GlobalSection(SolutionProperties) = preSolution
		HideSolutionNode = FALSE
	EndGlobalSection
	GlobalSection(ExtensibilityGlobals) = postSolution
		SolutionGuid = {E47FF68A-E711-4F65-BE3E-F4EEE56F1470}
	EndGlobalSection
EndGlobal
