
Microsoft Visual Studio Solution File, Format Version 12.00
# Visual Studio 15
VisualStudioVersion = 15.0.28307.329
MinimumVisualStudioVersion = 10.0.40219.1
Project("{FAE04EC0-301F-11D3-BF4B-00C04F79EFBC}") = "NPVApi", "NPVApi\NPVApi.csproj", "{EAB647FD-FE94-442A-A3E5-24B2BC80B0C1}"
EndProject
Global
	GlobalSection(SolutionConfigurationPlatforms) = preSolution
		Debug|Any CPU = Debug|Any CPU
		Release|Any CPU = Release|Any CPU
	EndGlobalSection
	GlobalSection(ProjectConfigurationPlatforms) = postSolution
		{EAB647FD-FE94-442A-A3E5-24B2BC80B0C1}.Debug|Any CPU.ActiveCfg = Debug|Any CPU
		{EAB647FD-FE94-442A-A3E5-24B2BC80B0C1}.Debug|Any CPU.Build.0 = Debug|Any CPU
		{EAB647FD-FE94-442A-A3E5-24B2BC80B0C1}.Release|Any CPU.ActiveCfg = Release|Any CPU
		{EAB647FD-FE94-442A-A3E5-24B2BC80B0C1}.Release|Any CPU.Build.0 = Release|Any CPU
	EndGlobalSection
	GlobalSection(SolutionProperties) = preSolution
		HideSolutionNode = FALSE
	EndGlobalSection
	GlobalSection(ExtensibilityGlobals) = postSolution
		SolutionGuid = {69FBBF76-ABC2-442D-8272-A9C238ECA88A}
	EndGlobalSection
EndGlobal
